
Microsoft Visual Studio Solution File, Format Version 12.00
# Visual Studio 15
Project("{FAE04EC0-301F-11D3-BF4B-00C04F79EFBC}") = "Assembly-CSharp", "Assembly-CSharp.csproj", "{4EFBEEE7-0DDF-0CE2-38C2-B3BDC42A2182}"
EndProject
Project("{FAE04EC0-301F-11D3-BF4B-00C04F79EFBC}") = "AimingRig", "AimingRig.csproj", "{4D7CB6A5-B92F-E85A-5788-138DA933EC3B}"
EndProject
Global
	GlobalSection(SolutionConfigurationPlatforms) = preSolution
		Debug|Any CPU = Debug|Any CPU
		Release|Any CPU = Release|Any CPU
	EndGlobalSection
	GlobalSection(ProjectConfigurationPlatforms) = postSolution
		{4EFBEEE7-0DDF-0CE2-38C2-B3BDC42A2182}.Debug|Any CPU.ActiveCfg = Debug|Any CPU
		{4EFBEEE7-0DDF-0CE2-38C2-B3BDC42A2182}.Debug|Any CPU.Build.0 = Debug|Any CPU
		{4EFBEEE7-0DDF-0CE2-38C2-B3BDC42A2182}.Release|Any CPU.ActiveCfg = Release|Any CPU
		{4EFBEEE7-0DDF-0CE2-38C2-B3BDC42A2182}.Release|Any CPU.Build.0 = Release|Any CPU
		{4D7CB6A5-B92F-E85A-5788-138DA933EC3B}.Debug|Any CPU.ActiveCfg = Debug|Any CPU
		{4D7CB6A5-B92F-E85A-5788-138DA933EC3B}.Debug|Any CPU.Build.0 = Debug|Any CPU
		{4D7CB6A5-B92F-E85A-5788-138DA933EC3B}.Release|Any CPU.ActiveCfg = Release|Any CPU
		{4D7CB6A5-B92F-E85A-5788-138DA933EC3B}.Release|Any CPU.Build.0 = Release|Any CPU
	EndGlobalSection
	GlobalSection(SolutionProperties) = preSolution
		HideSolutionNode = FALSE
	EndGlobalSection
EndGlobal
