
Microsoft Visual Studio Solution File, Format Version 12.00
# Visual Studio Version 17
VisualStudioVersion = 17.3.32922.545
MinimumVisualStudioVersion = 10.0.40219.1
Project("{FAE04EC0-301F-11D3-BF4B-00C04F79EFBC}") = "Weekend01", "Weekend01\Weekend01.csproj", "{8FB4F938-5627-4AEB-BE2F-5512DCF67988}"
EndProject
Project("{FAE04EC0-301F-11D3-BF4B-00C04F79EFBC}") = "Weekend02", "Weekend02\Weekend02.csproj", "{F0C2965D-0262-468B-9054-7B1C1F43F6A3}"
EndProject
Project("{FAE04EC0-301F-11D3-BF4B-00C04F79EFBC}") = "Weekend03", "Weekend03\Weekend03.csproj", "{D7003A3C-65E9-4D7B-81FA-CCEF953EF367}"
EndProject
Project("{FAE04EC0-301F-11D3-BF4B-00C04F79EFBC}") = "Weekend04", "Weekend04\Weekend04.csproj", "{5E040844-D03A-4622-8476-95C2F762A4B5}"
EndProject
Project("{FAE04EC0-301F-11D3-BF4B-00C04F79EFBC}") = "Weekend05", "Weekend05\Weekend05.csproj", "{F38050F0-FBD2-4ABB-8296-98548EBFA65D}"
EndProject
Project("{FAE04EC0-301F-11D3-BF4B-00C04F79EFBC}") = "Weekend06", "Weekend06\Weekend06.csproj", "{0E1749CC-9E7E-44E7-A928-C8F3C7B77FC0}"
EndProject
Project("{FAE04EC0-301F-11D3-BF4B-00C04F79EFBC}") = "Weekend07", "Weekend07\Weekend07.csproj", "{8767D56A-BDB7-4556-8E16-D6689C6ADCBB}"
EndProject
Project("{FAE04EC0-301F-11D3-BF4B-00C04F79EFBC}") = "Weekend08", "Weekend08\Weekend08.csproj", "{1FF2720C-9133-4BEE-AE12-9F2C448B0A49}"
EndProject
Project("{FAE04EC0-301F-11D3-BF4B-00C04F79EFBC}") = "Weekend09", "Weekend09\Weekend09.csproj", "{C5D76805-6D2E-419A-9066-B38ECB725BF8}"
EndProject
Project("{FAE04EC0-301F-11D3-BF4B-00C04F79EFBC}") = "Weekend10", "Weekend10\Weekend10.csproj", "{535A390B-6CCB-4AD5-A566-F2B11351C63E}"
EndProject
Project("{FAE04EC0-301F-11D3-BF4B-00C04F79EFBC}") = "Weekend11", "Weekend11\Weekend11.csproj", "{15BE8A14-C8BC-4E25-AE87-E3641B9C6463}"
EndProject
Project("{FAE04EC0-301F-11D3-BF4B-00C04F79EFBC}") = "Weekend12", "Weekend12\Weekend12.csproj", "{9104FF0D-0D51-4844-855D-0432A9286048}"
EndProject
Project("{FAE04EC0-301F-11D3-BF4B-00C04F79EFBC}") = "Weekend13", "Weekend13\Weekend13.csproj", "{BC8F0E9B-CC3F-4C11-B0A4-8166B985078E}"
EndProject
Project("{FAE04EC0-301F-11D3-BF4B-00C04F79EFBC}") = "Weekend14", "Weekend14\Weekend14.csproj", "{AD42AECD-3F18-4AA9-9FBA-7FF15E4F0CD0}"
EndProject
Project("{FAE04EC0-301F-11D3-BF4B-00C04F79EFBC}") = "Weekend15", "Weekend15\Weekend15.csproj", "{15A624B6-7777-4B97-A769-5CDE89CF092D}"
EndProject
Project("{FAE04EC0-301F-11D3-BF4B-00C04F79EFBC}") = "Weekend16", "Weekend16\Weekend16.csproj", "{46F8D476-2FAA-488C-8E34-0ABAA3EC21EC}"
EndProject
Project("{FAE04EC0-301F-11D3-BF4B-00C04F79EFBC}") = "Weekend17", "Weekend17\Weekend17.csproj", "{EBA0BAC7-2A74-4306-93D4-FE92AF8482D2}"
EndProject
Project("{FAE04EC0-301F-11D3-BF4B-00C04F79EFBC}") = "Weekend18", "Weekend18\Weekend18.csproj", "{EC701EF4-4DBA-4686-A671-5A469CD70140}"
EndProject
Project("{FAE04EC0-301F-11D3-BF4B-00C04F79EFBC}") = "Weekend19", "Weekend19\Weekend19.csproj", "{FC16C115-1868-49E4-A9F7-A8F857DAE247}"
EndProject
Project("{FAE04EC0-301F-11D3-BF4B-00C04F79EFBC}") = "Weekend20", "Weekend20\Weekend20.csproj", "{EDDCB089-1526-4F31-B61E-F6BD1C40CD5D}"
EndProject
Project("{FAE04EC0-301F-11D3-BF4B-00C04F79EFBC}") = "Weekend21", "Weekend21\Weekend21.csproj", "{6EB9BA4D-D30A-4060-9305-78941C3394D9}"
EndProject
Project("{FAE04EC0-301F-11D3-BF4B-00C04F79EFBC}") = "Weekend22", "Weekend\Weekend22.csproj", "{A5502654-3B27-4110-A285-08E0672A8D72}"
EndProject
Project("{FAE04EC0-301F-11D3-BF4B-00C04F79EFBC}") = "Weekend23", "Weekend23\Weekend23.csproj", "{8B66021F-FD69-435E-B921-FAE5940708D3}"
EndProject
Project("{FAE04EC0-301F-11D3-BF4B-00C04F79EFBC}") = "Weekend24", "Weekend24\Weekend24.csproj", "{1EFBA1C2-E06D-4F7B-BFD2-2DADA2F6E0F9}"
EndProject
Project("{FAE04EC0-301F-11D3-BF4B-00C04F79EFBC}") = "Weekend25", "Weekend25\Weekend25.csproj", "{0901118B-BBBE-4109-A7D5-80F50E24D41B}"
EndProject
Project("{FAE04EC0-301F-11D3-BF4B-00C04F79EFBC}") = "Weekend26", "Weekend26\Weekend26.csproj", "{9B3ADE10-7D1D-429F-8164-789FCBA7BD51}"
EndProject
Project("{FAE04EC0-301F-11D3-BF4B-00C04F79EFBC}") = "Weekend27", "Weekend27\Weekend27.csproj", "{31BA061B-67CD-455D-A5E0-A25AD0D2FBBE}"
EndProject
Project("{FAE04EC0-301F-11D3-BF4B-00C04F79EFBC}") = "Weekend28", "Weekend28\Weekend28.csproj", "{B6069141-F2EB-49B4-B3A1-B1C90BC32F3C}"
EndProject
Project("{FAE04EC0-301F-11D3-BF4B-00C04F79EFBC}") = "Weekend29", "Weekend29\Weekend29.csproj", "{207A9A04-FAF8-4B9F-A825-17CA6508E94C}"
EndProject
Global
	GlobalSection(SolutionConfigurationPlatforms) = preSolution
		Debug|Any CPU = Debug|Any CPU
		Release|Any CPU = Release|Any CPU
	EndGlobalSection
	GlobalSection(ProjectConfigurationPlatforms) = postSolution
		{8FB4F938-5627-4AEB-BE2F-5512DCF67988}.Debug|Any CPU.ActiveCfg = Debug|Any CPU
		{8FB4F938-5627-4AEB-BE2F-5512DCF67988}.Debug|Any CPU.Build.0 = Debug|Any CPU
		{8FB4F938-5627-4AEB-BE2F-5512DCF67988}.Release|Any CPU.ActiveCfg = Release|Any CPU
		{8FB4F938-5627-4AEB-BE2F-5512DCF67988}.Release|Any CPU.Build.0 = Release|Any CPU
		{F0C2965D-0262-468B-9054-7B1C1F43F6A3}.Debug|Any CPU.ActiveCfg = Debug|Any CPU
		{F0C2965D-0262-468B-9054-7B1C1F43F6A3}.Debug|Any CPU.Build.0 = Debug|Any CPU
		{F0C2965D-0262-468B-9054-7B1C1F43F6A3}.Release|Any CPU.ActiveCfg = Release|Any CPU
		{F0C2965D-0262-468B-9054-7B1C1F43F6A3}.Release|Any CPU.Build.0 = Release|Any CPU
		{D7003A3C-65E9-4D7B-81FA-CCEF953EF367}.Debug|Any CPU.ActiveCfg = Debug|Any CPU
		{D7003A3C-65E9-4D7B-81FA-CCEF953EF367}.Debug|Any CPU.Build.0 = Debug|Any CPU
		{D7003A3C-65E9-4D7B-81FA-CCEF953EF367}.Release|Any CPU.ActiveCfg = Release|Any CPU
		{D7003A3C-65E9-4D7B-81FA-CCEF953EF367}.Release|Any CPU.Build.0 = Release|Any CPU
		{5E040844-D03A-4622-8476-95C2F762A4B5}.Debug|Any CPU.ActiveCfg = Debug|Any CPU
		{5E040844-D03A-4622-8476-95C2F762A4B5}.Debug|Any CPU.Build.0 = Debug|Any CPU
		{5E040844-D03A-4622-8476-95C2F762A4B5}.Release|Any CPU.ActiveCfg = Release|Any CPU
		{5E040844-D03A-4622-8476-95C2F762A4B5}.Release|Any CPU.Build.0 = Release|Any CPU
		{F38050F0-FBD2-4ABB-8296-98548EBFA65D}.Debug|Any CPU.ActiveCfg = Debug|Any CPU
		{F38050F0-FBD2-4ABB-8296-98548EBFA65D}.Debug|Any CPU.Build.0 = Debug|Any CPU
		{F38050F0-FBD2-4ABB-8296-98548EBFA65D}.Release|Any CPU.ActiveCfg = Release|Any CPU
		{F38050F0-FBD2-4ABB-8296-98548EBFA65D}.Release|Any CPU.Build.0 = Release|Any CPU
		{0E1749CC-9E7E-44E7-A928-C8F3C7B77FC0}.Debug|Any CPU.ActiveCfg = Debug|Any CPU
		{0E1749CC-9E7E-44E7-A928-C8F3C7B77FC0}.Debug|Any CPU.Build.0 = Debug|Any CPU
		{0E1749CC-9E7E-44E7-A928-C8F3C7B77FC0}.Release|Any CPU.ActiveCfg = Release|Any CPU
		{0E1749CC-9E7E-44E7-A928-C8F3C7B77FC0}.Release|Any CPU.Build.0 = Release|Any CPU
		{8767D56A-BDB7-4556-8E16-D6689C6ADCBB}.Debug|Any CPU.ActiveCfg = Debug|Any CPU
		{8767D56A-BDB7-4556-8E16-D6689C6ADCBB}.Debug|Any CPU.Build.0 = Debug|Any CPU
		{8767D56A-BDB7-4556-8E16-D6689C6ADCBB}.Release|Any CPU.ActiveCfg = Release|Any CPU
		{8767D56A-BDB7-4556-8E16-D6689C6ADCBB}.Release|Any CPU.Build.0 = Release|Any CPU
		{1FF2720C-9133-4BEE-AE12-9F2C448B0A49}.Debug|Any CPU.ActiveCfg = Debug|Any CPU
		{1FF2720C-9133-4BEE-AE12-9F2C448B0A49}.Debug|Any CPU.Build.0 = Debug|Any CPU
		{1FF2720C-9133-4BEE-AE12-9F2C448B0A49}.Release|Any CPU.ActiveCfg = Release|Any CPU
		{1FF2720C-9133-4BEE-AE12-9F2C448B0A49}.Release|Any CPU.Build.0 = Release|Any CPU
		{C5D76805-6D2E-419A-9066-B38ECB725BF8}.Debug|Any CPU.ActiveCfg = Debug|Any CPU
		{C5D76805-6D2E-419A-9066-B38ECB725BF8}.Debug|Any CPU.Build.0 = Debug|Any CPU
		{C5D76805-6D2E-419A-9066-B38ECB725BF8}.Release|Any CPU.ActiveCfg = Release|Any CPU
		{C5D76805-6D2E-419A-9066-B38ECB725BF8}.Release|Any CPU.Build.0 = Release|Any CPU
		{535A390B-6CCB-4AD5-A566-F2B11351C63E}.Debug|Any CPU.ActiveCfg = Debug|Any CPU
		{535A390B-6CCB-4AD5-A566-F2B11351C63E}.Debug|Any CPU.Build.0 = Debug|Any CPU
		{535A390B-6CCB-4AD5-A566-F2B11351C63E}.Release|Any CPU.ActiveCfg = Release|Any CPU
		{535A390B-6CCB-4AD5-A566-F2B11351C63E}.Release|Any CPU.Build.0 = Release|Any CPU
		{15BE8A14-C8BC-4E25-AE87-E3641B9C6463}.Debug|Any CPU.ActiveCfg = Debug|Any CPU
		{15BE8A14-C8BC-4E25-AE87-E3641B9C6463}.Debug|Any CPU.Build.0 = Debug|Any CPU
		{15BE8A14-C8BC-4E25-AE87-E3641B9C6463}.Release|Any CPU.ActiveCfg = Release|Any CPU
		{15BE8A14-C8BC-4E25-AE87-E3641B9C6463}.Release|Any CPU.Build.0 = Release|Any CPU
		{9104FF0D-0D51-4844-855D-0432A9286048}.Debug|Any CPU.ActiveCfg = Debug|Any CPU
		{9104FF0D-0D51-4844-855D-0432A9286048}.Debug|Any CPU.Build.0 = Debug|Any CPU
		{9104FF0D-0D51-4844-855D-0432A9286048}.Release|Any CPU.ActiveCfg = Release|Any CPU
		{9104FF0D-0D51-4844-855D-0432A9286048}.Release|Any CPU.Build.0 = Release|Any CPU
		{BC8F0E9B-CC3F-4C11-B0A4-8166B985078E}.Debug|Any CPU.ActiveCfg = Debug|Any CPU
		{BC8F0E9B-CC3F-4C11-B0A4-8166B985078E}.Debug|Any CPU.Build.0 = Debug|Any CPU
		{BC8F0E9B-CC3F-4C11-B0A4-8166B985078E}.Release|Any CPU.ActiveCfg = Release|Any CPU
		{BC8F0E9B-CC3F-4C11-B0A4-8166B985078E}.Release|Any CPU.Build.0 = Release|Any CPU
		{AD42AECD-3F18-4AA9-9FBA-7FF15E4F0CD0}.Debug|Any CPU.ActiveCfg = Debug|Any CPU
		{AD42AECD-3F18-4AA9-9FBA-7FF15E4F0CD0}.Debug|Any CPU.Build.0 = Debug|Any CPU
		{AD42AECD-3F18-4AA9-9FBA-7FF15E4F0CD0}.Release|Any CPU.ActiveCfg = Release|Any CPU
		{AD42AECD-3F18-4AA9-9FBA-7FF15E4F0CD0}.Release|Any CPU.Build.0 = Release|Any CPU
		{15A624B6-7777-4B97-A769-5CDE89CF092D}.Debug|Any CPU.ActiveCfg = Debug|Any CPU
		{15A624B6-7777-4B97-A769-5CDE89CF092D}.Debug|Any CPU.Build.0 = Debug|Any CPU
		{15A624B6-7777-4B97-A769-5CDE89CF092D}.Release|Any CPU.ActiveCfg = Release|Any CPU
		{15A624B6-7777-4B97-A769-5CDE89CF092D}.Release|Any CPU.Build.0 = Release|Any CPU
		{46F8D476-2FAA-488C-8E34-0ABAA3EC21EC}.Debug|Any CPU.ActiveCfg = Debug|Any CPU
		{46F8D476-2FAA-488C-8E34-0ABAA3EC21EC}.Debug|Any CPU.Build.0 = Debug|Any CPU
		{46F8D476-2FAA-488C-8E34-0ABAA3EC21EC}.Release|Any CPU.ActiveCfg = Release|Any CPU
		{46F8D476-2FAA-488C-8E34-0ABAA3EC21EC}.Release|Any CPU.Build.0 = Release|Any CPU
		{EBA0BAC7-2A74-4306-93D4-FE92AF8482D2}.Debug|Any CPU.ActiveCfg = Debug|Any CPU
		{EBA0BAC7-2A74-4306-93D4-FE92AF8482D2}.Debug|Any CPU.Build.0 = Debug|Any CPU
		{EBA0BAC7-2A74-4306-93D4-FE92AF8482D2}.Release|Any CPU.ActiveCfg = Release|Any CPU
		{EBA0BAC7-2A74-4306-93D4-FE92AF8482D2}.Release|Any CPU.Build.0 = Release|Any CPU
		{EC701EF4-4DBA-4686-A671-5A469CD70140}.Debug|Any CPU.ActiveCfg = Debug|Any CPU
		{EC701EF4-4DBA-4686-A671-5A469CD70140}.Debug|Any CPU.Build.0 = Debug|Any CPU
		{EC701EF4-4DBA-4686-A671-5A469CD70140}.Release|Any CPU.ActiveCfg = Release|Any CPU
		{EC701EF4-4DBA-4686-A671-5A469CD70140}.Release|Any CPU.Build.0 = Release|Any CPU
		{FC16C115-1868-49E4-A9F7-A8F857DAE247}.Debug|Any CPU.ActiveCfg = Debug|Any CPU
		{FC16C115-1868-49E4-A9F7-A8F857DAE247}.Debug|Any CPU.Build.0 = Debug|Any CPU
		{FC16C115-1868-49E4-A9F7-A8F857DAE247}.Release|Any CPU.ActiveCfg = Release|Any CPU
		{FC16C115-1868-49E4-A9F7-A8F857DAE247}.Release|Any CPU.Build.0 = Release|Any CPU
		{EDDCB089-1526-4F31-B61E-F6BD1C40CD5D}.Debug|Any CPU.ActiveCfg = Debug|Any CPU
		{EDDCB089-1526-4F31-B61E-F6BD1C40CD5D}.Debug|Any CPU.Build.0 = Debug|Any CPU
		{EDDCB089-1526-4F31-B61E-F6BD1C40CD5D}.Release|Any CPU.ActiveCfg = Release|Any CPU
		{EDDCB089-1526-4F31-B61E-F6BD1C40CD5D}.Release|Any CPU.Build.0 = Release|Any CPU
		{6EB9BA4D-D30A-4060-9305-78941C3394D9}.Debug|Any CPU.ActiveCfg = Debug|Any CPU
		{6EB9BA4D-D30A-4060-9305-78941C3394D9}.Debug|Any CPU.Build.0 = Debug|Any CPU
		{6EB9BA4D-D30A-4060-9305-78941C3394D9}.Release|Any CPU.ActiveCfg = Release|Any CPU
		{6EB9BA4D-D30A-4060-9305-78941C3394D9}.Release|Any CPU.Build.0 = Release|Any CPU
		{A5502654-3B27-4110-A285-08E0672A8D72}.Debug|Any CPU.ActiveCfg = Debug|Any CPU
		{A5502654-3B27-4110-A285-08E0672A8D72}.Debug|Any CPU.Build.0 = Debug|Any CPU
		{A5502654-3B27-4110-A285-08E0672A8D72}.Release|Any CPU.ActiveCfg = Release|Any CPU
		{A5502654-3B27-4110-A285-08E0672A8D72}.Release|Any CPU.Build.0 = Release|Any CPU
		{8B66021F-FD69-435E-B921-FAE5940708D3}.Debug|Any CPU.ActiveCfg = Debug|Any CPU
		{8B66021F-FD69-435E-B921-FAE5940708D3}.Debug|Any CPU.Build.0 = Debug|Any CPU
		{8B66021F-FD69-435E-B921-FAE5940708D3}.Release|Any CPU.ActiveCfg = Release|Any CPU
		{8B66021F-FD69-435E-B921-FAE5940708D3}.Release|Any CPU.Build.0 = Release|Any CPU
		{1EFBA1C2-E06D-4F7B-BFD2-2DADA2F6E0F9}.Debug|Any CPU.ActiveCfg = Debug|Any CPU
		{1EFBA1C2-E06D-4F7B-BFD2-2DADA2F6E0F9}.Debug|Any CPU.Build.0 = Debug|Any CPU
		{1EFBA1C2-E06D-4F7B-BFD2-2DADA2F6E0F9}.Release|Any CPU.ActiveCfg = Release|Any CPU
		{1EFBA1C2-E06D-4F7B-BFD2-2DADA2F6E0F9}.Release|Any CPU.Build.0 = Release|Any CPU
		{0901118B-BBBE-4109-A7D5-80F50E24D41B}.Debug|Any CPU.ActiveCfg = Debug|Any CPU
		{0901118B-BBBE-4109-A7D5-80F50E24D41B}.Debug|Any CPU.Build.0 = Debug|Any CPU
		{0901118B-BBBE-4109-A7D5-80F50E24D41B}.Release|Any CPU.ActiveCfg = Release|Any CPU
		{0901118B-BBBE-4109-A7D5-80F50E24D41B}.Release|Any CPU.Build.0 = Release|Any CPU
		{9B3ADE10-7D1D-429F-8164-789FCBA7BD51}.Debug|Any CPU.ActiveCfg = Debug|Any CPU
		{9B3ADE10-7D1D-429F-8164-789FCBA7BD51}.Debug|Any CPU.Build.0 = Debug|Any CPU
		{9B3ADE10-7D1D-429F-8164-789FCBA7BD51}.Release|Any CPU.ActiveCfg = Release|Any CPU
		{9B3ADE10-7D1D-429F-8164-789FCBA7BD51}.Release|Any CPU.Build.0 = Release|Any CPU
		{31BA061B-67CD-455D-A5E0-A25AD0D2FBBE}.Debug|Any CPU.ActiveCfg = Debug|Any CPU
		{31BA061B-67CD-455D-A5E0-A25AD0D2FBBE}.Debug|Any CPU.Build.0 = Debug|Any CPU
		{31BA061B-67CD-455D-A5E0-A25AD0D2FBBE}.Release|Any CPU.ActiveCfg = Release|Any CPU
		{31BA061B-67CD-455D-A5E0-A25AD0D2FBBE}.Release|Any CPU.Build.0 = Release|Any CPU
		{B6069141-F2EB-49B4-B3A1-B1C90BC32F3C}.Debug|Any CPU.ActiveCfg = Debug|Any CPU
		{B6069141-F2EB-49B4-B3A1-B1C90BC32F3C}.Debug|Any CPU.Build.0 = Debug|Any CPU
		{B6069141-F2EB-49B4-B3A1-B1C90BC32F3C}.Release|Any CPU.ActiveCfg = Release|Any CPU
		{B6069141-F2EB-49B4-B3A1-B1C90BC32F3C}.Release|Any CPU.Build.0 = Release|Any CPU
		{207A9A04-FAF8-4B9F-A825-17CA6508E94C}.Debug|Any CPU.ActiveCfg = Debug|Any CPU
		{207A9A04-FAF8-4B9F-A825-17CA6508E94C}.Debug|Any CPU.Build.0 = Debug|Any CPU
		{207A9A04-FAF8-4B9F-A825-17CA6508E94C}.Release|Any CPU.ActiveCfg = Release|Any CPU
		{207A9A04-FAF8-4B9F-A825-17CA6508E94C}.Release|Any CPU.Build.0 = Release|Any CPU
	EndGlobalSection
	GlobalSection(SolutionProperties) = preSolution
		HideSolutionNode = FALSE
	EndGlobalSection
	GlobalSection(ExtensibilityGlobals) = postSolution
		SolutionGuid = {6E87B4D0-0F7F-4727-829E-1D56AB15CF41}
	EndGlobalSection
EndGlobal
